dependencies:
- name: argo-cd
  repository: https://argoproj.github.io/argo-helm
  version: 8.2.1
- name: argocd-apps
  repository: https://argoproj.github.io/argo-helm
  version: 2.0.2
- name: argocd-image-updater
  repository: https://argoproj.github.io/argo-helm
  version: 0.12.3
digest: sha256:69dc238f995817c3e2c697139178e30103ccb15f3dfd0bc8ba6340324ac69918
generated: "2025-07-25T12:41:55.32909185Z"
